
Microsoft Visual Studio Solution File, Format Version 12.00
# Visual Studio Version 17
VisualStudioVersion = 17.13.35617.110 d17.13
MinimumVisualStudioVersion = 10.0.40219.1
Project("{FAE04EC0-301F-11D3-BF4B-00C04F79EFBC}") = "CSharpEgitimKampi501", "CSharpEgitimKampi501\CSharpEgitimKampi501.csproj", "{0DC78B08-0FF8-47C2-A721-F87D07017014}"
EndProject
Global
	GlobalSection(SolutionConfigurationPlatforms) = preSolution
		Debug|Any CPU = Debug|Any CPU
		Release|Any CPU = Release|Any CPU
	EndGlobalSection
	GlobalSection(ProjectConfigurationPlatforms) = postSolution
		{0DC78B08-0FF8-47C2-A721-F87D07017014}.Debug|Any CPU.ActiveCfg = Debug|Any CPU
		{0DC78B08-0FF8-47C2-A721-F87D07017014}.Debug|Any CPU.Build.0 = Debug|Any CPU
		{0DC78B08-0FF8-47C2-A721-F87D07017014}.Release|Any CPU.ActiveCfg = Release|Any CPU
		{0DC78B08-0FF8-47C2-A721-F87D07017014}.Release|Any CPU.Build.0 = Release|Any CPU
	EndGlobalSection
	GlobalSection(SolutionProperties) = preSolution
		HideSolutionNode = FALSE
	EndGlobalSection
	GlobalSection(ExtensibilityGlobals) = postSolution
		SolutionGuid = {065CC81D-F4A3-43AD-8697-1A3E4BF2C88C}
	EndGlobalSection
EndGlobal
